
Microsoft Visual Studio Solution File, Format Version 12.00
# Visual Studio Version 18
VisualStudioVersion = 18.1.11312.151 d18.0
MinimumVisualStudioVersion = 10.0.40219.1
Project("{FAE04EC0-301F-11D3-BF4B-00C04F79EFBC}") = "STMSharp", "STMSharp.csproj", "{5D04F8F4-4883-48A5-AE27-215177BB51BC}"
EndProject
Project("{FAE04EC0-301F-11D3-BF4B-00C04F79EFBC}") = "STMSharp.Tests", "..\STMSharp.Tests\STMSharp.Tests.csproj", "{FE81E058-2B1F-4E28-9CCB-E4BE4F801826}"
EndProject
Project("{FAE04EC0-301F-11D3-BF4B-00C04F79EFBC}") = "STMSharp.Benchmarking", "..\STMSharp.Benchmarking\STMSharp.Benchmarking.csproj", "{D0F9DA58-C600-42E5-BE0F-6997B21A9503}"
EndProject
Project("{FAE04EC0-301F-11D3-BF4B-00C04F79EFBC}") = "STMSharp.PerformanceTests", "..\STMSharp.PerformanceTests\STMSharp.PerformanceTests.csproj", "{73D491B5-6B53-4933-A56D-307B0FFC3562}"
EndProject
Global
	GlobalSection(SolutionConfigurationPlatforms) = preSolution
		Debug|Any CPU = Debug|Any CPU
		Release|Any CPU = Release|Any CPU
	EndGlobalSection
	GlobalSection(ProjectConfigurationPlatforms) = postSolution
		{5D04F8F4-4883-48A5-AE27-215177BB51BC}.Debug|Any CPU.ActiveCfg = Debug|Any CPU
		{5D04F8F4-4883-48A5-AE27-215177BB51BC}.Debug|Any CPU.Build.0 = Debug|Any CPU
		{5D04F8F4-4883-48A5-AE27-215177BB51BC}.Release|Any CPU.ActiveCfg = Release|Any CPU
		{5D04F8F4-4883-48A5-AE27-215177BB51BC}.Release|Any CPU.Build.0 = Release|Any CPU
		{FE81E058-2B1F-4E28-9CCB-E4BE4F801826}.Debug|Any CPU.ActiveCfg = Debug|Any CPU
		{FE81E058-2B1F-4E28-9CCB-E4BE4F801826}.Debug|Any CPU.Build.0 = Debug|Any CPU
		{FE81E058-2B1F-4E28-9CCB-E4BE4F801826}.Release|Any CPU.ActiveCfg = Release|Any CPU
		{FE81E058-2B1F-4E28-9CCB-E4BE4F801826}.Release|Any CPU.Build.0 = Release|Any CPU
		{D0F9DA58-C600-42E5-BE0F-6997B21A9503}.Debug|Any CPU.ActiveCfg = Debug|Any CPU
		{D0F9DA58-C600-42E5-BE0F-6997B21A9503}.Debug|Any CPU.Build.0 = Debug|Any CPU
		{D0F9DA58-C600-42E5-BE0F-6997B21A9503}.Release|Any CPU.ActiveCfg = Release|Any CPU
		{D0F9DA58-C600-42E5-BE0F-6997B21A9503}.Release|Any CPU.Build.0 = Release|Any CPU
		{73D491B5-6B53-4933-A56D-307B0FFC3562}.Debug|Any CPU.ActiveCfg = Debug|Any CPU
		{73D491B5-6B53-4933-A56D-307B0FFC3562}.Debug|Any CPU.Build.0 = Debug|Any CPU
		{73D491B5-6B53-4933-A56D-307B0FFC3562}.Release|Any CPU.ActiveCfg = Release|Any CPU
		{73D491B5-6B53-4933-A56D-307B0FFC3562}.Release|Any CPU.Build.0 = Release|Any CPU
	EndGlobalSection
	GlobalSection(SolutionProperties) = preSolution
		HideSolutionNode = FALSE
	EndGlobalSection
	GlobalSection(ExtensibilityGlobals) = postSolution
		SolutionGuid = {EE295E31-5041-4B34-BD5F-4EF2E84E875B}
	EndGlobalSection
EndGlobal
